
Microsoft Visual Studio Solution File, Format Version 12.00
# Visual Studio 15
VisualStudioVersion = 15.0.27703.2026
MinimumVisualStudioVersion = 10.0.40219.1
Project("{FAE04EC0-301F-11D3-BF4B-00C04F79EFBC}") = "auth0connection", "auth0connection\auth0connection.csproj", "{4CF07E75-366F-46DA-8EFA-CC53665C3CBC}"
EndProject
Global
	GlobalSection(SolutionConfigurationPlatforms) = preSolution
		Debug|Any CPU = Debug|Any CPU
		Release|Any CPU = Release|Any CPU
	EndGlobalSection
	GlobalSection(ProjectConfigurationPlatforms) = postSolution
		{4CF07E75-366F-46DA-8EFA-CC53665C3CBC}.Debug|Any CPU.ActiveCfg = Debug|Any CPU
		{4CF07E75-366F-46DA-8EFA-CC53665C3CBC}.Debug|Any CPU.Build.0 = Debug|Any CPU
		{4CF07E75-366F-46DA-8EFA-CC53665C3CBC}.Release|Any CPU.ActiveCfg = Release|Any CPU
		{4CF07E75-366F-46DA-8EFA-CC53665C3CBC}.Release|Any CPU.Build.0 = Release|Any CPU
	EndGlobalSection
	GlobalSection(SolutionProperties) = preSolution
		HideSolutionNode = FALSE
	EndGlobalSection
	GlobalSection(ExtensibilityGlobals) = postSolution
		SolutionGuid = {5CD97DAA-2905-4DAE-B7C1-E4D7C8ABAE81}
	EndGlobalSection
EndGlobal
